// !$*UTF8*$!
{
	archiveVersion = 1;
	classes = {
	};
	objectVersion = 50;
	objects = {

/* Begin PBXBuildFile section */
		042FB7F6222E56BA00EFB6D5 /* AppDelegate.swift in Sources */ = {isa = PBXBuildFile; fileRef = 042FB7F5222E56BA00EFB6D5 /* AppDelegate.swift */; };
		042FB7F8222E56BA00EFB6D5 /* ViewController.swift in Sources */ = {isa = PBXBuildFile; fileRef = 042FB7F7222E56BA00EFB6D5 /* ViewController.swift */; };
		042FB7FB222E56BA00EFB6D5 /* Main.storyboard in Resources */ = {isa = PBXBuildFile; fileRef = 042FB7F9222E56BA00EFB6D5 /* Main.storyboard */; };
		042FB7FD222E56C500EFB6D5 /* Assets.xcassets in Resources */ = {isa = PBXBuildFile; fileRef = 042FB7FC222E56C500EFB6D5 /* Assets.xcassets */; };
		042FB800222E56C500EFB6D5 /* LaunchScreen.storyboard in Resources */ = {isa = PBXBuildFile; fileRef = 042FB7FE222E56C500EFB6D5 /* LaunchScreen.storyboard */; };
		047A1085222E81D600E02233 /* PushFileViewController.swift in Sources */ = {isa = PBXBuildFile; fileRef = 047A1084222E81D600E02233 /* PushFileViewController.swift */; };
/* End PBXBuildFile section */

/* Begin PBXFileReference section */
		042FB7F2222E56BA00EFB6D5 /* sharingData.app */ = {isa = PBXFileReference; explicitFileType = wrapper.application; includeInIndex = 0; path = sharingData.app; sourceTree = BUILT_PRODUCTS_DIR; };
		042FB7F5222E56BA00EFB6D5 /* AppDelegate.swift */ = {isa = PBXFileReference; lastKnownFileType = sourcecode.swift; path = AppDelegate.swift; sourceTree = "<group>"; };
		042FB7F7222E56BA00EFB6D5 /* ViewController.swift */ = {isa = PBXFileReference; lastKnownFileType = sourcecode.swift; path = ViewController.swift; sourceTree = "<group>"; };
		042FB7FA222E56BA00EFB6D5 /* Base */ = {isa = PBXFileReference; lastKnownFileType = file.storyboard; name = Base; path = Base.lproj/Main.storyboard; sourceTree = "<group>"; };
		042FB7FC222E56C500EFB6D5 /* Assets.xcassets */ = {isa = PBXFileReference; lastKnownFileType = folder.assetcatalog; path = Assets.xcassets; sourceTree = "<group>"; };
		042FB7FF222E56C500EFB6D5 /* Base */ = {isa = PBXFileReference; lastKnownFileType = file.storyboard; name = Base; path = Base.lproj/LaunchScreen.storyboard; sourceTree = "<group>"; };
		042FB801222E56C500EFB6D5 /* Info.plist */ = {isa = PBXFileReference; lastKnownFileType = text.plist.xml; path = Info.plist; sourceTree = "<group>"; };
		047A1084222E81D600E02233 /* PushFileViewController.swift */ = {isa = PBXFileReference; lastKnownFileType = sourcecode.swift; path = PushFileViewController.swift; sourceTree = "<group>"; };
/* End PBXFileReference section */

/* Begin PBXFrameworksBuildPhase section */
		042FB7EF222E56BA00EFB6D5 /* Frameworks */ = {
			isa = PBXFrameworksBuildPhase;
			buildActionMask = 2147483647;
			files = (
			);
			runOnlyForDeploymentPostprocessing = 0;
		};
/* End PBXFrameworksBuildPhase section */

/* Begin PBXGroup section */
		042FB7E9222E56BA00EFB6D5 = {
			isa = PBXGroup;
			children = (
				042FB7F4222E56BA00EFB6D5 /* sharingData */,
				042FB7F3222E56BA00EFB6D5 /* Products */,
			);
			sourceTree = "<group>";
		};
		042FB7F3222E56BA00EFB6D5 /* Products */ = {
			isa = PBXGroup;
			children = (
				042FB7F2222E56BA00EFB6D5 /* sharingData.app */,
			);
			name = Products;
			sourceTree = "<group>";
		};
		042FB7F4222E56BA00EFB6D5 /* sharingData */ = {
			isa = PBXGroup;
			children = (
				042FB7F5222E56BA00EFB6D5 /* AppDelegate.swift */,
				042FB7F7222E56BA00EFB6D5 /* ViewController.swift */,
				042FB7F9222E56BA00EFB6D5 /* Main.storyboard */,
				042FB7FC222E56C500EFB6D5 /* Assets.xcassets */,
				042FB7FE222E56C500EFB6D5 /* LaunchScreen.storyboard */,
				042FB801222E56C500EFB6D5 /* Info.plist */,
				047A1084222E81D600E02233 /* PushFileViewController.swift */,
			);
			path = sharingData;
			sourceTree = "<group>";
		};
/* End PBXGroup section */

/* Begin PBXNativeTarget section */
		042FB7F1222E56BA00EFB6D5 /* sharingData */ = {
			isa = PBXNativeTarget;
			buildConfigurationList = 042FB804222E56C500EFB6D5 /* Build configuration list for PBXNativeTarget "sharingData" */;
			buildPhases = (
				042FB7EE222E56BA00EFB6D5 /* Sources */,
				042FB7EF222E56BA00EFB6D5 /* Frameworks */,
				042FB7F0222E56BA00EFB6D5 /* Resources */,
			);
			buildRules = (
			);
			dependencies = (
			);
			name = sharingData;
			productName = sharingData;
			productReference = 042FB7F2222E56BA00EFB6D5 /* sharingData.app */;
			productType = "com.apple.product-type.application";
		};
/* End PBXNativeTarget section */

/* Begin PBXProject section */
		042FB7EA222E56BA00EFB6D5 /* Project object */ = {
			isa = PBXProject;
			attributes = {
				LastSwiftUpdateCheck = 1010;
				LastUpgradeCheck = 1010;
				ORGANIZATIONNAME = "Imminent Software";
				TargetAttributes = {
					042FB7F1222E56BA00EFB6D5 = {
						CreatedOnToolsVersion = 10.1;
					};
				};
			};
			buildConfigurationList = 042FB7ED222E56BA00EFB6D5 /* Build configuration list for PBXProject "sharingData" */;
			compatibilityVersion = "Xcode 9.3";
			developmentRegion = en;
			hasScannedForEncodings = 0;
			knownRegions = (
				en,
				Base,
			);
			mainGroup = 042FB7E9222E56BA00EFB6D5;
			productRefGroup = 042FB7F3222E56BA00EFB6D5 /* Products */;
			projectDirPath = "";
			projectRoot = "";
			targets = (
				042FB7F1222E56BA00EFB6D5 /* sharingData */,
			);
		};
/* End PBXProject section */

/* Begin PBXResourcesBuildPhase section */
		042FB7F0222E56BA00EFB6D5 /* Resources */ = {
			isa = PBXResourcesBuildPhase;
			buildActionMask = 2147483647;
			files = (
				042FB800222E56C500EFB6D5 /* LaunchScreen.storyboard in Resources */,
				042FB7FD222E56C500EFB6D5 /* Assets.xcassets in Resources */,
				042FB7FB222E56BA00EFB6D5 /* Main.storyboard in Resources */,
			);
			runOnlyForDeploymentPostprocessing = 0;
		};
/* End PBXResourcesBuildPhase section */

/* Begin PBXSourcesBuildPhase section */
		042FB7EE222E56BA00EFB6D5 /* Sources */ = {
			isa = PBXSourcesBuildPhase;
			buildActionMask = 2147483647;
			files = (
				047A1085222E81D600E02233 /* PushFileViewController.swift in Sources */,
				042FB7F8222E56BA00EFB6D5 /* ViewController.swift in Sources */,
				042FB7F6222E56BA00EFB6D5 /* AppDelegate.swift in Sources */,
			);
			runOnlyForDeploymentPostprocessing = 0;
		};
/* End PBXSourcesBuildPhase section */

/* Begin PBXVariantGroup section */
		042FB7F9222E56BA00EFB6D5 /* Main.storyboard */ = {
			isa = PBXVariantGroup;
			children = (
				042FB7FA222E56BA00EFB6D5 /* Base */,
			);
			name = Main.storyboard;
			sourceTree = "<group>";
		};
		042FB7FE222E56C500EFB6D5 /* LaunchScreen.storyboard */ = {
			isa = PBXVariantGroup;
			children = (
				042FB7FF222E56C500EFB6D5 /* Base */,
			);
			name = LaunchScreen.storyboard;
			sourceTree = "<group>";
		};
/* End PBXVariantGroup section */

/* Begin XCBuildConfiguration section */
		042FB802222E56C500EFB6D5 /* Debug */ = {
			isa = XCBuildConfiguration;
			buildSettings = {
				ALWAYS_SEARCH_USER_PATHS = NO;
				CLANG_ANALYZER_NONNULL = YES;
				CLANG_ANALYZER_NUMBER_OBJECT_CONVERSION = YES_AGGRESSIVE;
				CLANG_CXX_LANGUAGE_STANDARD = "gnu++14";
				CLANG_CXX_LIBRARY = "libc++";
				CLANG_ENABLE_MODULES = YES;
				CLANG_ENABLE_OBJC_ARC = YES;
				CLANG_ENABLE_OBJC_WEAK = YES;
				CLANG_WARN_BLOCK_CAPTURE_AUTORELEASING = YES;
				CLANG_WARN_BOOL_CONVERSION = YES;
				CLANG_WARN_COMMA = YES;
				CLANG_WARN_CONSTANT_CONVERSION = YES;
				CLANG_WARN_DEPRECATED_OBJC_IMPLEMENTATIONS = YES;
				CLANG_WARN_DIRECT_OBJC_ISA_USAGE = YES_ERROR;
				CLANG_WARN_DOCUMENTATION_COMMENTS = YES;
				CLANG_WARN_EMPTY_BODY = YES;
				CLANG_WARN_ENUM_CONVERSION = YES;
				CLANG_WARN_INFINITE_RECURSION = YES;
				CLANG_WARN_INT_CONVERSION = YES;
				CLANG_WARN_NON_LITERAL_NULL_CONVERSION = YES;
				CLANG_WARN_OBJC_IMPLICIT_RETAIN_SELF = YES;
				CLANG_WARN_OBJC_LITERAL_CONVERSION = YES;
				CLANG_WARN_OBJC_ROOT_CLASS = YES_ERROR;
				CLANG_WARN_RANGE_LOOP_ANALYSIS = YES;
				CLANG_WARN_STRICT_PROTOTYPES = YES;
				CLANG_WARN_SUSPICIOUS_MOVE = YES;
				CLANG_WARN_UNGUARDED_AVAILABILITY = YES_AGGRESSIVE;
				CLANG_WARN_UNREACHABLE_CODE = YES;
				CLANG_WARN__DUPLICATE_METHOD_MATCH = YES;
				CODE_SIGN_IDENTITY = "iPhone Developer";
				COPY_PHASE_STRIP = NO;
				DEBUG_INFORMATION_FORMAT = dwarf;
				ENABLE_STRICT_OBJC_MSGSEND = YES;
				ENABLE_TESTABILITY = YES;
				GCC_C_LANGUAGE_STANDARD = gnu11;
				GCC_DYNAMIC_NO_PIC = NO;
				GCC_NO_COMMON_BLOCKS = YES;
				GCC_OPTIMIZATION_LEVEL = 0;
				GCC_PREPROCESSOR_DEFINITIONS = (
					"DEBUG=1",
					"$(inherited)",
				);
				GCC_WARN_64_TO_32_BIT_CONVERSION = YES;
				GCC_WARN_ABOUT_RETURN_TYPE = YES_ERROR;
				GCC_WARN_UNDECLARED_SELECTOR = YES;
				GCC_WARN_UNINITIALIZED_AUTOS = YES_AGGRESSIVE;
				GCC_WARN_UNUSED_FUNCTION = YES;
				GCC_WARN_UNUSED_VARIABLE = YES;
				IPHONEOS_DEPLOYMENT_TARGET = 12.1;
				MTL_ENABLE_DEBUG_INFO = INCLUDE_SOURCE;
				MTL_FAST_MATH = YES;
				ONLY_ACTIVE_ARCH = YES;
				SDKROOT = iphoneos;
				SWIFT_ACTIVE_COMPILATION_CONDITIONS = DEBUG;
				SWIFT_OPTIMIZATION_LEVEL = "-Onone";
			};
			name = Debug;
		};
		042FB803222E56C500EFB6D5 /* Release */ = {
			isa = XCBuildConfiguration;
			buildSettings = {
				ALWAYS_SEARCH_USER_PATHS = NO;
				CLANG_ANALYZER_NONNULL = YES;
				CLANG_ANALYZER_NUMBER_OBJECT_CONVERSION = YES_AGGRESSIVE;
				CLANG_CXX_LANGUAGE_STANDARD = "gnu++14";
				CLANG_CXX_LIBRARY = "libc++";
				CLANG_ENABLE_MODULES = YES;
				CLANG_ENABLE_OBJC_ARC = YES;
				CLANG_ENABLE_OBJC_WEAK = YES;
				CLANG_WARN_BLOCK_CAPTURE_AUTORELEASING = YES;
				CLANG_WARN_BOOL_CONVERSION = YES;
				CLANG_WARN_COMMA = YES;
				CLANG_WARN_CONSTANT_CONVERSION = YES;
				CLANG_WARN_DEPRECATED_OBJC_IMPLEMENTATIONS = YES;
				CLANG_WARN_DIRECT_OBJC_ISA_USAGE = YES_ERROR;
				CLANG_WARN_DOCUMENTATION_COMMENTS = YES;
				CLANG_WARN_EMPTY_BODY = YES;
				CLANG_WARN_ENUM_CONVERSION = YES;
				CLANG_WARN_INFINITE_RECURSION = YES;
				CLANG_WARN_INT_CONVERSION = YES;
				CLANG_WARN_NON_LITERAL_NULL_CONVERSION = YES;
				CLANG_WARN_OBJC_IMPLICIT_RETAIN_SELF = YES;
				CLANG_WARN_OBJC_LITERAL_CONVERSION = YES;
				CLANG_WARN_OBJC_ROOT_CLASS = YES_ERROR;
				CLANG_WARN_RANGE_LOOP_ANALYSIS = YES;
				CLANG_WARN_STRICT_PROTOTYPES = YES;
				CLANG_WARN_SUSPICIOUS_MOVE = YES;
				CLANG_WARN_UNGUARDED_AVAILABILITY = YES_AGGRESSIVE;
				CLANG_WARN_UNREACHABLE_CODE = YES;
				CLANG_WARN__DUPLICATE_METHOD_MATCH = YES;
				CODE_SIGN_IDENTITY = "iPhone Developer";
				COPY_PHASE_STRIP = NO;
				DEBUG_INFORMATION_FORMAT = "dwarf-with-dsym";
				ENABLE_NS_ASSERTIONS = NO;
				ENABLE_STRICT_OBJC_MSGSEND = YES;
				GCC_C_LANGUAGE_STANDARD = gnu11;
				GCC_NO_COMMON_BLOCKS = YES;
				GCC_WARN_64_TO_32_BIT_CONVERSION = YES;
				GCC_WARN_ABOUT_RETURN_TYPE = YES_ERROR;
				GCC_WARN_UNDECLARED_SELECTOR = YES;
				GCC_WARN_UNINITIALIZED_AUTOS = YES_AGGRESSIVE;
				GCC_WARN_UNUSED_FUNCTION = YES;
				GCC_WARN_UNUSED_VARIABLE = YES;
				IPHONEOS_DEPLOYMENT_TARGET = 12.1;
				MTL_ENABLE_DEBUG_INFO = NO;
				MTL_FAST_MATH = YES;
				SDKROOT = iphoneos;
				SWIFT_COMPILATION_MODE = wholemodule;
				SWIFT_OPTIMIZATION_LEVEL = "-O";
				VALIDATE_PRODUCT = YES;
			};
			name = Release;
		};
		042FB805222E56C500EFB6D5 /* Debug */ = {
			isa = XCBuildConfiguration;
			buildSettings = {
				ASSETCATALOG_COMPILER_APPICON_NAME = AppIcon;
				CODE_SIGN_STYLE = Automatic;
				DEVELOPMENT_TEAM = 3G46QFL8YT;
				INFOPLIST_FILE = sharingData/Info.plist;
				LD_RUNPATH_SEARCH_PATHS = (
					"$(inherited)",
					"@executable_path/Frameworks",
				);
				PRODUCT_BUNDLE_IDENTIFIER = ambika.com.sharingData;
				PRODUCT_NAME = "$(TARGET_NAME)";
				SWIFT_VERSION = 4.2;
				TARGETED_DEVICE_FAMILY = "1,2";
			};
			name = Debug;
		};
		042FB806222E56C500EFB6D5 /* Release */ = {
			isa = XCBuildConfiguration;
			buildSettings = {
				ASSETCATALOG_COMPILER_APPICON_NAME = AppIcon;
				CODE_SIGN_STYLE = Automatic;
				DEVELOPMENT_TEAM = 3G46QFL8YT;
				INFOPLIST_FILE = sharingData/Info.plist;
				LD_RUNPATH_SEARCH_PATHS = (
					"$(inherited)",
					"@executable_path/Frameworks",
				);
				PRODUCT_BUNDLE_IDENTIFIER = ambika.com.sharingData;
				PRODUCT_NAME = "$(TARGET_NAME)";
				SWIFT_VERSION = 4.2;
				TARGETED_DEVICE_FAMILY = "1,2";
			};
			name = Release;
		};
/* End XCBuildConfiguration section */

/* Begin XCConfigurationList section */
		042FB7ED222E56BA00EFB6D5 /* Build configuration list for PBXProject "sharingData" */ = {
			isa = XCConfigurationList;
			buildConfigurations = (
				042FB802222E56C500EFB6D5 /* Debug */,
				042FB803222E56C500EFB6D5 /* Release */,
			);
			defaultConfigurationIsVisible = 0;
			defaultConfigurationName = Release;
		};
		042FB804222E56C500EFB6D5 /* Build configuration list for PBXNativeTarget "sharingData" */ = {
			isa = XCConfigurationList;
			buildConfigurations = (
				042FB805222E56C500EFB6D5 /* Debug */,
				042FB806222E56C500EFB6D5 /* Release */,
			);
			defaultConfigurationIsVisible = 0;
			defaultConfigurationName = Release;
		};
/* End XCConfigurationList section */
	};
	rootObject = 042FB7EA222E56BA00EFB6D5 /* Project object */;
}
